
Microsoft Visual Studio Solution File, Format Version 12.00
# Visual Studio Version 17
VisualStudioVersion = 17.7.34202.233
MinimumVisualStudioVersion = 10.0.40219.1
Project("{FAE04EC0-301F-11D3-BF4B-00C04F79EFBC}") = "TestDom", "TestDom\TestDom.csproj", "{522706F2-0422-4508-9E54-E95174589FE1}"
EndProject
Global
	GlobalSection(SolutionConfigurationPlatforms) = preSolution
		Debug|Any CPU = Debug|Any CPU
		Release|Any CPU = Release|Any CPU
	EndGlobalSection
	GlobalSection(ProjectConfigurationPlatforms) = postSolution
		{522706F2-0422-4508-9E54-E95174589FE1}.Debug|Any CPU.ActiveCfg = Debug|Any CPU
		{522706F2-0422-4508-9E54-E95174589FE1}.Debug|Any CPU.Build.0 = Debug|Any CPU
		{522706F2-0422-4508-9E54-E95174589FE1}.Release|Any CPU.ActiveCfg = Release|Any CPU
		{522706F2-0422-4508-9E54-E95174589FE1}.Release|Any CPU.Build.0 = Release|Any CPU
	EndGlobalSection
	GlobalSection(SolutionProperties) = preSolution
		HideSolutionNode = FALSE
	EndGlobalSection
	GlobalSection(ExtensibilityGlobals) = postSolution
		SolutionGuid = {37E84D97-0031-468B-AAC2-86DA9EBEBC7B}
	EndGlobalSection
EndGlobal
